
Microsoft Visual Studio Solution File, Format Version 12.00
# Visual Studio Version 17
VisualStudioVersion = 17.4.33213.308
MinimumVisualStudioVersion = 10.0.40219.1
Project("{8BC9CEB8-8B4A-11D0-8D11-00A0C91BC942}") = "DynamicMemory", "DynamicMemory\DynamicMemory.vcxproj", "{6A2FF0D2-93EE-48B2-A7BF-18825CB01CD6}"
EndProject
Global
	GlobalSection(SolutionConfigurationPlatforms) = preSolution
		Debug|x64 = Debug|x64
		Debug|x86 = Debug|x86
		Release|x64 = Release|x64
		Release|x86 = Release|x86
	EndGlobalSection
	GlobalSection(ProjectConfigurationPlatforms) = postSolution
		{6A2FF0D2-93EE-48B2-A7BF-18825CB01CD6}.Debug|x64.ActiveCfg = Debug|x64
		{6A2FF0D2-93EE-48B2-A7BF-18825CB01CD6}.Debug|x64.Build.0 = Debug|x64
		{6A2FF0D2-93EE-48B2-A7BF-18825CB01CD6}.Debug|x86.ActiveCfg = Debug|Win32
		{6A2FF0D2-93EE-48B2-A7BF-18825CB01CD6}.Debug|x86.Build.0 = Debug|Win32
		{6A2FF0D2-93EE-48B2-A7BF-18825CB01CD6}.Release|x64.ActiveCfg = Release|x64
		{6A2FF0D2-93EE-48B2-A7BF-18825CB01CD6}.Release|x64.Build.0 = Release|x64
		{6A2FF0D2-93EE-48B2-A7BF-18825CB01CD6}.Release|x86.ActiveCfg = Release|Win32
		{6A2FF0D2-93EE-48B2-A7BF-18825CB01CD6}.Release|x86.Build.0 = Release|Win32
	EndGlobalSection
	GlobalSection(SolutionProperties) = preSolution
		HideSolutionNode = FALSE
	EndGlobalSection
	GlobalSection(ExtensibilityGlobals) = postSolution
		SolutionGuid = {C6957CE8-63EE-436B-BA36-0DF8868CC2FB}
	EndGlobalSection
EndGlobal
